
Microsoft Visual Studio Solution File, Format Version 12.00
# Visual Studio 14
VisualStudioVersion = 14.0.25420.1
MinimumVisualStudioVersion = 10.0.40219.1
Project("{FAE04EC0-301F-11D3-BF4B-00C04F79EFBC}") = "00-DataBase", "00-DataBase\00-DataBase.csproj", "{A45121EF-CD16-4294-91E8-ABAA57D1229F}"
EndProject
Project("{FAE04EC0-301F-11D3-BF4B-00C04F79EFBC}") = "01.Business", "01.Business\01.Business.csproj", "{0012E1E1-30C5-47EE-B826-C9DFFFA8B710}"
EndProject
Project("{FAE04EC0-301F-11D3-BF4B-00C04F79EFBC}") = "02-Presentation", "02-Presentation\02-Presentation.csproj", "{D8228C11-D2E1-4332-AF0E-412EBF226400}"
EndProject
Project("{FAE04EC0-301F-11D3-BF4B-00C04F79EFBC}") = "03-Helpers", "03-Helpers\03-Helpers.csproj", "{6E743808-779A-4ADF-B2F9-E6BE4D2CB6C1}"
EndProject
Project("{FAE04EC0-301F-11D3-BF4B-00C04F79EFBC}") = "04-DataTransferObjects", "04-DataTransferObjects\04-DataTransferObjects.csproj", "{2BC06855-45B8-43B8-A67F-CC9E0A9F9040}"
EndProject
Global
	GlobalSection(SolutionConfigurationPlatforms) = preSolution
		Debug|Any CPU = Debug|Any CPU
		Release|Any CPU = Release|Any CPU
	EndGlobalSection
	GlobalSection(ProjectConfigurationPlatforms) = postSolution
		{A45121EF-CD16-4294-91E8-ABAA57D1229F}.Debug|Any CPU.ActiveCfg = Debug|Any CPU
		{A45121EF-CD16-4294-91E8-ABAA57D1229F}.Debug|Any CPU.Build.0 = Debug|Any CPU
		{A45121EF-CD16-4294-91E8-ABAA57D1229F}.Release|Any CPU.ActiveCfg = Release|Any CPU
		{A45121EF-CD16-4294-91E8-ABAA57D1229F}.Release|Any CPU.Build.0 = Release|Any CPU
		{0012E1E1-30C5-47EE-B826-C9DFFFA8B710}.Debug|Any CPU.ActiveCfg = Debug|Any CPU
		{0012E1E1-30C5-47EE-B826-C9DFFFA8B710}.Debug|Any CPU.Build.0 = Debug|Any CPU
		{0012E1E1-30C5-47EE-B826-C9DFFFA8B710}.Release|Any CPU.ActiveCfg = Release|Any CPU
		{0012E1E1-30C5-47EE-B826-C9DFFFA8B710}.Release|Any CPU.Build.0 = Release|Any CPU
		{D8228C11-D2E1-4332-AF0E-412EBF226400}.Debug|Any CPU.ActiveCfg = Debug|Any CPU
		{D8228C11-D2E1-4332-AF0E-412EBF226400}.Debug|Any CPU.Build.0 = Debug|Any CPU
		{D8228C11-D2E1-4332-AF0E-412EBF226400}.Release|Any CPU.ActiveCfg = Release|Any CPU
		{D8228C11-D2E1-4332-AF0E-412EBF226400}.Release|Any CPU.Build.0 = Release|Any CPU
		{6E743808-779A-4ADF-B2F9-E6BE4D2CB6C1}.Debug|Any CPU.ActiveCfg = Debug|Any CPU
		{6E743808-779A-4ADF-B2F9-E6BE4D2CB6C1}.Debug|Any CPU.Build.0 = Debug|Any CPU
		{6E743808-779A-4ADF-B2F9-E6BE4D2CB6C1}.Release|Any CPU.ActiveCfg = Release|Any CPU
		{6E743808-779A-4ADF-B2F9-E6BE4D2CB6C1}.Release|Any CPU.Build.0 = Release|Any CPU
		{2BC06855-45B8-43B8-A67F-CC9E0A9F9040}.Debug|Any CPU.ActiveCfg = Debug|Any CPU
		{2BC06855-45B8-43B8-A67F-CC9E0A9F9040}.Debug|Any CPU.Build.0 = Debug|Any CPU
		{2BC06855-45B8-43B8-A67F-CC9E0A9F9040}.Release|Any CPU.ActiveCfg = Release|Any CPU
		{2BC06855-45B8-43B8-A67F-CC9E0A9F9040}.Release|Any CPU.Build.0 = Release|Any CPU
	EndGlobalSection
	GlobalSection(SolutionProperties) = preSolution
		HideSolutionNode = FALSE
	EndGlobalSection
EndGlobal
